
Microsoft Visual Studio Solution File, Format Version 12.00
# Visual Studio Version 17
VisualStudioVersion = 17.11.35222.181
MinimumVisualStudioVersion = 10.0.40219.1
Project("{FAE04EC0-301F-11D3-BF4B-00C04F79EFBC}") = "BankAccountLib", "BankAccountLib\BankAccountLib.csproj", "{A6ACA3DA-C243-4165-BDD4-CCAA81968FB1}"
EndProject
Project("{FAE04EC0-301F-11D3-BF4B-00C04F79EFBC}") = "BankAccountTesting", "BankAccountTesting\BankAccountTesting.csproj", "{66A65F64-F723-48B5-A554-574147975FA0}"
EndProject
Global
	GlobalSection(SolutionConfigurationPlatforms) = preSolution
		Debug|Any CPU = Debug|Any CPU
		Release|Any CPU = Release|Any CPU
	EndGlobalSection
	GlobalSection(ProjectConfigurationPlatforms) = postSolution
		{A6ACA3DA-C243-4165-BDD4-CCAA81968FB1}.Debug|Any CPU.ActiveCfg = Debug|Any CPU
		{A6ACA3DA-C243-4165-BDD4-CCAA81968FB1}.Debug|Any CPU.Build.0 = Debug|Any CPU
		{A6ACA3DA-C243-4165-BDD4-CCAA81968FB1}.Release|Any CPU.ActiveCfg = Release|Any CPU
		{A6ACA3DA-C243-4165-BDD4-CCAA81968FB1}.Release|Any CPU.Build.0 = Release|Any CPU
		{66A65F64-F723-48B5-A554-574147975FA0}.Debug|Any CPU.ActiveCfg = Debug|Any CPU
		{66A65F64-F723-48B5-A554-574147975FA0}.Debug|Any CPU.Build.0 = Debug|Any CPU
		{66A65F64-F723-48B5-A554-574147975FA0}.Release|Any CPU.ActiveCfg = Release|Any CPU
		{66A65F64-F723-48B5-A554-574147975FA0}.Release|Any CPU.Build.0 = Release|Any CPU
	EndGlobalSection
	GlobalSection(SolutionProperties) = preSolution
		HideSolutionNode = FALSE
	EndGlobalSection
	GlobalSection(ExtensibilityGlobals) = postSolution
		SolutionGuid = {02C46541-56E4-4832-89FB-F574B88B4AA6}
	EndGlobalSection
EndGlobal
